
Microsoft Visual Studio Solution File, Format Version 12.00
# Visual Studio 15
VisualStudioVersion = 15.0.28307.271
MinimumVisualStudioVersion = 10.0.40219.1
Project("{FAE04EC0-301F-11D3-BF4B-00C04F79EFBC}") = "BilgeAdam.Generics", "BilgeAdam.Generics\BilgeAdam.Generics.csproj", "{2C6CBB8A-C6D0-4D11-A506-03ECEBC342D8}"
EndProject
Project("{FAE04EC0-301F-11D3-BF4B-00C04F79EFBC}") = "BilgeAdam.Numerator", "BilgeAdam.Numerator\BilgeAdam.Numerator.csproj", "{9F487259-6B16-44C5-B5E1-EBE4DAD0C105}"
EndProject
Project("{FAE04EC0-301F-11D3-BF4B-00C04F79EFBC}") = "BilgeAdam.StackSample", "BilgeAdam.StackSample\BilgeAdam.StackSample.csproj", "{1B792EA4-A0A8-4B88-9C23-46C14981974D}"
EndProject
Global
	GlobalSection(SolutionConfigurationPlatforms) = preSolution
		Debug|Any CPU = Debug|Any CPU
		Release|Any CPU = Release|Any CPU
	EndGlobalSection
	GlobalSection(ProjectConfigurationPlatforms) = postSolution
		{2C6CBB8A-C6D0-4D11-A506-03ECEBC342D8}.Debug|Any CPU.ActiveCfg = Debug|Any CPU
		{2C6CBB8A-C6D0-4D11-A506-03ECEBC342D8}.Debug|Any CPU.Build.0 = Debug|Any CPU
		{2C6CBB8A-C6D0-4D11-A506-03ECEBC342D8}.Release|Any CPU.ActiveCfg = Release|Any CPU
		{2C6CBB8A-C6D0-4D11-A506-03ECEBC342D8}.Release|Any CPU.Build.0 = Release|Any CPU
		{9F487259-6B16-44C5-B5E1-EBE4DAD0C105}.Debug|Any CPU.ActiveCfg = Debug|Any CPU
		{9F487259-6B16-44C5-B5E1-EBE4DAD0C105}.Debug|Any CPU.Build.0 = Debug|Any CPU
		{9F487259-6B16-44C5-B5E1-EBE4DAD0C105}.Release|Any CPU.ActiveCfg = Release|Any CPU
		{9F487259-6B16-44C5-B5E1-EBE4DAD0C105}.Release|Any CPU.Build.0 = Release|Any CPU
		{1B792EA4-A0A8-4B88-9C23-46C14981974D}.Debug|Any CPU.ActiveCfg = Debug|Any CPU
		{1B792EA4-A0A8-4B88-9C23-46C14981974D}.Debug|Any CPU.Build.0 = Debug|Any CPU
		{1B792EA4-A0A8-4B88-9C23-46C14981974D}.Release|Any CPU.ActiveCfg = Release|Any CPU
		{1B792EA4-A0A8-4B88-9C23-46C14981974D}.Release|Any CPU.Build.0 = Release|Any CPU
	EndGlobalSection
	GlobalSection(SolutionProperties) = preSolution
		HideSolutionNode = FALSE
	EndGlobalSection
	GlobalSection(ExtensibilityGlobals) = postSolution
		SolutionGuid = {4481ECE0-FE1D-48B6-92A2-97EAE49D4B34}
	EndGlobalSection
EndGlobal
